
Microsoft Visual Studio Solution File, Format Version 12.00
# Visual Studio 15
VisualStudioVersion = 15.0.27428.2011
MinimumVisualStudioVersion = 10.0.40219.1
Project("{FAE04EC0-301F-11D3-BF4B-00C04F79EFBC}") = "Gomoku", "Gomoku\Gomoku.csproj", "{8DC3605D-AE21-4E34-97C8-75BE482EAC97}"
EndProject
Global
	GlobalSection(SolutionConfigurationPlatforms) = preSolution
		Debug|Any CPU = Debug|Any CPU
		Release|Any CPU = Release|Any CPU
	EndGlobalSection
	GlobalSection(ProjectConfigurationPlatforms) = postSolution
		{8DC3605D-AE21-4E34-97C8-75BE482EAC97}.Debug|Any CPU.ActiveCfg = Debug|Any CPU
		{8DC3605D-AE21-4E34-97C8-75BE482EAC97}.Debug|Any CPU.Build.0 = Debug|Any CPU
		{8DC3605D-AE21-4E34-97C8-75BE482EAC97}.Release|Any CPU.ActiveCfg = Release|Any CPU
		{8DC3605D-AE21-4E34-97C8-75BE482EAC97}.Release|Any CPU.Build.0 = Release|Any CPU
	EndGlobalSection
	GlobalSection(SolutionProperties) = preSolution
		HideSolutionNode = FALSE
	EndGlobalSection
	GlobalSection(ExtensibilityGlobals) = postSolution
		SolutionGuid = {11027846-3843-427A-B9E6-D1EE546A1217}
	EndGlobalSection
EndGlobal
